// !$*UTF8*$!
{
	archiveVersion = 1;
	classes = {
	};
	objectVersion = 46;
	objects = {

/* Begin PBXBuildFile section */
		591E47CC1E64694000C55072 /* still time.ttf in Resources */ = {isa = PBXBuildFile; fileRef = 591E47CB1E64694000C55072 /* still time.ttf */; };
		593A0E391E6710350067E8F5 /* Birds of Paradise.ttf in Resources */ = {isa = PBXBuildFile; fileRef = 593A0E381E6710350067E8F5 /* Birds of Paradise.ttf */; };
		595A70381E65ABF2008024EF /* VideoVC.swift in Sources */ = {isa = PBXBuildFile; fileRef = 595A70371E65ABF2008024EF /* VideoVC.swift */; };
		595A703B1E65AD9B008024EF /* PartyCell.swift in Sources */ = {isa = PBXBuildFile; fileRef = 595A703A1E65AD9B008024EF /* PartyCell.swift */; };
		595A703D1E65AF34008024EF /* PartyRock.swift in Sources */ = {isa = PBXBuildFile; fileRef = 595A703C1E65AF34008024EF /* PartyRock.swift */; };
		59E7CD4F1E63202200C6E7C3 /* AppDelegate.swift in Sources */ = {isa = PBXBuildFile; fileRef = 59E7CD4E1E63202200C6E7C3 /* AppDelegate.swift */; };
		59E7CD511E63202200C6E7C3 /* MainVC.swift in Sources */ = {isa = PBXBuildFile; fileRef = 59E7CD501E63202200C6E7C3 /* MainVC.swift */; };
		59E7CD541E63202200C6E7C3 /* Main.storyboard in Resources */ = {isa = PBXBuildFile; fileRef = 59E7CD521E63202200C6E7C3 /* Main.storyboard */; };
		59E7CD561E63202200C6E7C3 /* Assets.xcassets in Resources */ = {isa = PBXBuildFile; fileRef = 59E7CD551E63202200C6E7C3 /* Assets.xcassets */; };
		59E7CD591E63202200C6E7C3 /* LaunchScreen.storyboard in Resources */ = {isa = PBXBuildFile; fileRef = 59E7CD571E63202200C6E7C3 /* LaunchScreen.storyboard */; };
/* End PBXBuildFile section */

/* Begin PBXFileReference section */
		591E47CB1E64694000C55072 /* still time.ttf */ = {isa = PBXFileReference; lastKnownFileType = file; path = "still time.ttf"; sourceTree = "<group>"; };
		593A0E381E6710350067E8F5 /* Birds of Paradise.ttf */ = {isa = PBXFileReference; lastKnownFileType = file; path = "Birds of Paradise.ttf"; sourceTree = "<group>"; };
		595A70371E65ABF2008024EF /* VideoVC.swift */ = {isa = PBXFileReference; fileEncoding = 4; lastKnownFileType = sourcecode.swift; path = VideoVC.swift; sourceTree = "<group>"; };
		595A703A1E65AD9B008024EF /* PartyCell.swift */ = {isa = PBXFileReference; fileEncoding = 4; lastKnownFileType = sourcecode.swift; path = PartyCell.swift; sourceTree = "<group>"; };
		595A703C1E65AF34008024EF /* PartyRock.swift */ = {isa = PBXFileReference; fileEncoding = 4; lastKnownFileType = sourcecode.swift; path = PartyRock.swift; sourceTree = "<group>"; };
		59E7CD4B1E63202200C6E7C3 /* PartyRockApp.app */ = {isa = PBXFileReference; explicitFileType = wrapper.application; includeInIndex = 0; path = PartyRockApp.app; sourceTree = BUILT_PRODUCTS_DIR; };
		59E7CD4E1E63202200C6E7C3 /* AppDelegate.swift */ = {isa = PBXFileReference; lastKnownFileType = sourcecode.swift; path = AppDelegate.swift; sourceTree = "<group>"; };
		59E7CD501E63202200C6E7C3 /* MainVC.swift */ = {isa = PBXFileReference; lastKnownFileType = sourcecode.swift; path = MainVC.swift; sourceTree = "<group>"; };
		59E7CD531E63202200C6E7C3 /* Base */ = {isa = PBXFileReference; lastKnownFileType = file.storyboard; name = Base; path = Base.lproj/Main.storyboard; sourceTree = "<group>"; };
		59E7CD551E63202200C6E7C3 /* Assets.xcassets */ = {isa = PBXFileReference; lastKnownFileType = folder.assetcatalog; path = Assets.xcassets; sourceTree = "<group>"; };
		59E7CD581E63202200C6E7C3 /* Base */ = {isa = PBXFileReference; lastKnownFileType = file.storyboard; name = Base; path = Base.lproj/LaunchScreen.storyboard; sourceTree = "<group>"; };
		59E7CD5A1E63202200C6E7C3 /* Info.plist */ = {isa = PBXFileReference; lastKnownFileType = text.plist.xml; path = Info.plist; sourceTree = "<group>"; };
/* End PBXFileReference section */

/* Begin PBXFrameworksBuildPhase section */
		59E7CD481E63202100C6E7C3 /* Frameworks */ = {
			isa = PBXFrameworksBuildPhase;
			buildActionMask = 2147483647;
			files = (
			);
			runOnlyForDeploymentPostprocessing = 0;
		};
/* End PBXFrameworksBuildPhase section */

/* Begin PBXGroup section */
		591E47CD1E64694D00C55072 /* Files */ = {
			isa = PBXGroup;
			children = (
				593A0E381E6710350067E8F5 /* Birds of Paradise.ttf */,
				591E47CB1E64694000C55072 /* still time.ttf */,
			);
			name = Files;
			sourceTree = "<group>";
		};
		59E7CD421E63202100C6E7C3 = {
			isa = PBXGroup;
			children = (
				59E7CD4D1E63202200C6E7C3 /* PartyRockApp */,
				59E7CD4C1E63202200C6E7C3 /* Products */,
			);
			sourceTree = "<group>";
		};
		59E7CD4C1E63202200C6E7C3 /* Products */ = {
			isa = PBXGroup;
			children = (
				59E7CD4B1E63202200C6E7C3 /* PartyRockApp.app */,
			);
			name = Products;
			sourceTree = "<group>";
		};
		59E7CD4D1E63202200C6E7C3 /* PartyRockApp */ = {
			isa = PBXGroup;
			children = (
				591E47CD1E64694D00C55072 /* Files */,
				59E7CD621E6320BB00C6E7C3 /* Model */,
				59E7CD611E6320AF00C6E7C3 /* View */,
				59E7CD601E63208900C6E7C3 /* Controller */,
				59E7CD4E1E63202200C6E7C3 /* AppDelegate.swift */,
				59E7CD571E63202200C6E7C3 /* LaunchScreen.storyboard */,
				59E7CD521E63202200C6E7C3 /* Main.storyboard */,
				59E7CD551E63202200C6E7C3 /* Assets.xcassets */,
				59E7CD5A1E63202200C6E7C3 /* Info.plist */,
			);
			path = PartyRockApp;
			sourceTree = "<group>";
		};
		59E7CD601E63208900C6E7C3 /* Controller */ = {
			isa = PBXGroup;
			children = (
				59E7CD501E63202200C6E7C3 /* MainVC.swift */,
				595A70371E65ABF2008024EF /* VideoVC.swift */,
			);
			name = Controller;
			sourceTree = "<group>";
		};
		59E7CD611E6320AF00C6E7C3 /* View */ = {
			isa = PBXGroup;
			children = (
				595A703A1E65AD9B008024EF /* PartyCell.swift */,
			);
			name = View;
			sourceTree = "<group>";
		};
		59E7CD621E6320BB00C6E7C3 /* Model */ = {
			isa = PBXGroup;
			children = (
				595A703C1E65AF34008024EF /* PartyRock.swift */,
			);
			name = Model;
			sourceTree = "<group>";
		};
/* End PBXGroup section */

/* Begin PBXNativeTarget section */
		59E7CD4A1E63202100C6E7C3 /* PartyRockApp */ = {
			isa = PBXNativeTarget;
			buildConfigurationList = 59E7CD5D1E63202200C6E7C3 /* Build configuration list for PBXNativeTarget "PartyRockApp" */;
			buildPhases = (
				59E7CD471E63202100C6E7C3 /* Sources */,
				59E7CD481E63202100C6E7C3 /* Frameworks */,
				59E7CD491E63202100C6E7C3 /* Resources */,
			);
			buildRules = (
			);
			dependencies = (
			);
			name = PartyRockApp;
			productName = PartyRockApp;
			productReference = 59E7CD4B1E63202200C6E7C3 /* PartyRockApp.app */;
			productType = "com.apple.product-type.application";
		};
/* End PBXNativeTarget section */

/* Begin PBXProject section */
		59E7CD431E63202100C6E7C3 /* Project object */ = {
			isa = PBXProject;
			attributes = {
				LastSwiftUpdateCheck = 0820;
				LastUpgradeCheck = 0820;
				ORGANIZATIONNAME = Noel;
				TargetAttributes = {
					59E7CD4A1E63202100C6E7C3 = {
						CreatedOnToolsVersion = 8.2.1;
						ProvisioningStyle = Automatic;
					};
				};
			};
			buildConfigurationList = 59E7CD461E63202100C6E7C3 /* Build configuration list for PBXProject "PartyRockApp" */;
			compatibilityVersion = "Xcode 3.2";
			developmentRegion = English;
			hasScannedForEncodings = 0;
			knownRegions = (
				en,
				Base,
			);
			mainGroup = 59E7CD421E63202100C6E7C3;
			productRefGroup = 59E7CD4C1E63202200C6E7C3 /* Products */;
			projectDirPath = "";
			projectRoot = "";
			targets = (
				59E7CD4A1E63202100C6E7C3 /* PartyRockApp */,
			);
		};
/* End PBXProject section */

/* Begin PBXResourcesBuildPhase section */
		59E7CD491E63202100C6E7C3 /* Resources */ = {
			isa = PBXResourcesBuildPhase;
			buildActionMask = 2147483647;
			files = (
				59E7CD591E63202200C6E7C3 /* LaunchScreen.storyboard in Resources */,
				591E47CC1E64694000C55072 /* still time.ttf in Resources */,
				593A0E391E6710350067E8F5 /* Birds of Paradise.ttf in Resources */,
				59E7CD561E63202200C6E7C3 /* Assets.xcassets in Resources */,
				59E7CD541E63202200C6E7C3 /* Main.storyboard in Resources */,
			);
			runOnlyForDeploymentPostprocessing = 0;
		};
/* End PBXResourcesBuildPhase section */

/* Begin PBXSourcesBuildPhase section */
		59E7CD471E63202100C6E7C3 /* Sources */ = {
			isa = PBXSourcesBuildPhase;
			buildActionMask = 2147483647;
			files = (
				595A70381E65ABF2008024EF /* VideoVC.swift in Sources */,
				59E7CD511E63202200C6E7C3 /* MainVC.swift in Sources */,
				595A703D1E65AF34008024EF /* PartyRock.swift in Sources */,
				595A703B1E65AD9B008024EF /* PartyCell.swift in Sources */,
				59E7CD4F1E63202200C6E7C3 /* AppDelegate.swift in Sources */,
			);
			runOnlyForDeploymentPostprocessing = 0;
		};
/* End PBXSourcesBuildPhase section */

/* Begin PBXVariantGroup section */
		59E7CD521E63202200C6E7C3 /* Main.storyboard */ = {
			isa = PBXVariantGroup;
			children = (
				59E7CD531E63202200C6E7C3 /* Base */,
			);
			name = Main.storyboard;
			sourceTree = "<group>";
		};
		59E7CD571E63202200C6E7C3 /* LaunchScreen.storyboard */ = {
			isa = PBXVariantGroup;
			children = (
				59E7CD581E63202200C6E7C3 /* Base */,
			);
			name = LaunchScreen.storyboard;
			sourceTree = "<group>";
		};
/* End PBXVariantGroup section */

/* Begin XCBuildConfiguration section */
		59E7CD5B1E63202200C6E7C3 /* Debug */ = {
			isa = XCBuildConfiguration;
			buildSettings = {
				ALWAYS_SEARCH_USER_PATHS = NO;
				CLANG_ANALYZER_NONNULL = YES;
				CLANG_CXX_LANGUAGE_STANDARD = "gnu++0x";
				CLANG_CXX_LIBRARY = "libc++";
				CLANG_ENABLE_MODULES = YES;
				CLANG_ENABLE_OBJC_ARC = YES;
				CLANG_WARN_BOOL_CONVERSION = YES;
				CLANG_WARN_CONSTANT_CONVERSION = YES;
				CLANG_WARN_DIRECT_OBJC_ISA_USAGE = YES_ERROR;
				CLANG_WARN_DOCUMENTATION_COMMENTS = YES;
				CLANG_WARN_EMPTY_BODY = YES;
				CLANG_WARN_ENUM_CONVERSION = YES;
				CLANG_WARN_INFINITE_RECURSION = YES;
				CLANG_WARN_INT_CONVERSION = YES;
				CLANG_WARN_OBJC_ROOT_CLASS = YES_ERROR;
				CLANG_WARN_SUSPICIOUS_MOVE = YES;
				CLANG_WARN_UNREACHABLE_CODE = YES;
				CLANG_WARN__DUPLICATE_METHOD_MATCH = YES;
				"CODE_SIGN_IDENTITY[sdk=iphoneos*]" = "iPhone Developer";
				COPY_PHASE_STRIP = NO;
				DEBUG_INFORMATION_FORMAT = dwarf;
				ENABLE_STRICT_OBJC_MSGSEND = YES;
				ENABLE_TESTABILITY = YES;
				GCC_C_LANGUAGE_STANDARD = gnu99;
				GCC_DYNAMIC_NO_PIC = NO;
				GCC_NO_COMMON_BLOCKS = YES;
				GCC_OPTIMIZATION_LEVEL = 0;
				GCC_PREPROCESSOR_DEFINITIONS = (
					"DEBUG=1",
					"$(inherited)",
				);
				GCC_WARN_64_TO_32_BIT_CONVERSION = YES;
				GCC_WARN_ABOUT_RETURN_TYPE = YES_ERROR;
				GCC_WARN_UNDECLARED_SELECTOR = YES;
				GCC_WARN_UNINITIALIZED_AUTOS = YES_AGGRESSIVE;
				GCC_WARN_UNUSED_FUNCTION = YES;
				GCC_WARN_UNUSED_VARIABLE = YES;
				IPHONEOS_DEPLOYMENT_TARGET = 10.2;
				MTL_ENABLE_DEBUG_INFO = YES;
				ONLY_ACTIVE_ARCH = YES;
				SDKROOT = iphoneos;
				SWIFT_ACTIVE_COMPILATION_CONDITIONS = DEBUG;
				SWIFT_OPTIMIZATION_LEVEL = "-Onone";
				TARGETED_DEVICE_FAMILY = "1,2";
			};
			name = Debug;
		};
		59E7CD5C1E63202200C6E7C3 /* Release */ = {
			isa = XCBuildConfiguration;
			buildSettings = {
				ALWAYS_SEARCH_USER_PATHS = NO;
				CLANG_ANALYZER_NONNULL = YES;
				CLANG_CXX_LANGUAGE_STANDARD = "gnu++0x";
				CLANG_CXX_LIBRARY = "libc++";
				CLANG_ENABLE_MODULES = YES;
				CLANG_ENABLE_OBJC_ARC = YES;
				CLANG_WARN_BOOL_CONVERSION = YES;
				CLANG_WARN_CONSTANT_CONVERSION = YES;
				CLANG_WARN_DIRECT_OBJC_ISA_USAGE = YES_ERROR;
				CLANG_WARN_DOCUMENTATION_COMMENTS = YES;
				CLANG_WARN_EMPTY_BODY = YES;
				CLANG_WARN_ENUM_CONVERSION = YES;
				CLANG_WARN_INFINITE_RECURSION = YES;
				CLANG_WARN_INT_CONVERSION = YES;
				CLANG_WARN_OBJC_ROOT_CLASS = YES_ERROR;
				CLANG_WARN_SUSPICIOUS_MOVE = YES;
				CLANG_WARN_UNREACHABLE_CODE = YES;
				CLANG_WARN__DUPLICATE_METHOD_MATCH = YES;
				"CODE_SIGN_IDENTITY[sdk=iphoneos*]" = "iPhone Developer";
				COPY_PHASE_STRIP = NO;
				DEBUG_INFORMATION_FORMAT = "dwarf-with-dsym";
				ENABLE_NS_ASSERTIONS = NO;
				ENABLE_STRICT_OBJC_MSGSEND = YES;
				GCC_C_LANGUAGE_STANDARD = gnu99;
				GCC_NO_COMMON_BLOCKS = YES;
				GCC_WARN_64_TO_32_BIT_CONVERSION = YES;
				GCC_WARN_ABOUT_RETURN_TYPE = YES_ERROR;
				GCC_WARN_UNDECLARED_SELECTOR = YES;
				GCC_WARN_UNINITIALIZED_AUTOS = YES_AGGRESSIVE;
				GCC_WARN_UNUSED_FUNCTION = YES;
				GCC_WARN_UNUSED_VARIABLE = YES;
				IPHONEOS_DEPLOYMENT_TARGET = 10.2;
				MTL_ENABLE_DEBUG_INFO = NO;
				SDKROOT = iphoneos;
				SWIFT_OPTIMIZATION_LEVEL = "-Owholemodule";
				TARGETED_DEVICE_FAMILY = "1,2";
				VALIDATE_PRODUCT = YES;
			};
			name = Release;
		};
		59E7CD5E1E63202200C6E7C3 /* Debug */ = {
			isa = XCBuildConfiguration;
			buildSettings = {
				ASSETCATALOG_COMPILER_APPICON_NAME = AppIcon;
				INFOPLIST_FILE = PartyRockApp/Info.plist;
				LD_RUNPATH_SEARCH_PATHS = "$(inherited) @executable_path/Frameworks";
				PRODUCT_BUNDLE_IDENTIFIER = com.noel.PartyRockApp;
				PRODUCT_NAME = "$(TARGET_NAME)";
				SWIFT_VERSION = 3.0;
			};
			name = Debug;
		};
		59E7CD5F1E63202200C6E7C3 /* Release */ = {
			isa = XCBuildConfiguration;
			buildSettings = {
				ASSETCATALOG_COMPILER_APPICON_NAME = AppIcon;
				INFOPLIST_FILE = PartyRockApp/Info.plist;
				LD_RUNPATH_SEARCH_PATHS = "$(inherited) @executable_path/Frameworks";
				PRODUCT_BUNDLE_IDENTIFIER = com.noel.PartyRockApp;
				PRODUCT_NAME = "$(TARGET_NAME)";
				SWIFT_VERSION = 3.0;
			};
			name = Release;
		};
/* End XCBuildConfiguration section */

/* Begin XCConfigurationList section */
		59E7CD461E63202100C6E7C3 /* Build configuration list for PBXProject "PartyRockApp" */ = {
			isa = XCConfigurationList;
			buildConfigurations = (
				59E7CD5B1E63202200C6E7C3 /* Debug */,
				59E7CD5C1E63202200C6E7C3 /* Release */,
			);
			defaultConfigurationIsVisible = 0;
			defaultConfigurationName = Release;
		};
		59E7CD5D1E63202200C6E7C3 /* Build configuration list for PBXNativeTarget "PartyRockApp" */ = {
			isa = XCConfigurationList;
			buildConfigurations = (
				59E7CD5E1E63202200C6E7C3 /* Debug */,
				59E7CD5F1E63202200C6E7C3 /* Release */,
			);
			defaultConfigurationIsVisible = 0;
			defaultConfigurationName = Release;
		};
/* End XCConfigurationList section */
	};
	rootObject = 59E7CD431E63202100C6E7C3 /* Project object */;
}
